
Microsoft Visual Studio Solution File, Format Version 12.00
# Visual Studio Version 16
VisualStudioVersion = 16.0.29009.5
MinimumVisualStudioVersion = 10.0.40219.1
Project("{FAE04EC0-301F-11D3-BF4B-00C04F79EFBC}") = "ShellTest.Android", "ShellTest\ShellTest.Android\ShellTest.Android.csproj", "{E1ABED60-95FC-45DE-AA94-93D1DD5E09BD}"
EndProject
Project("{FAE04EC0-301F-11D3-BF4B-00C04F79EFBC}") = "ShellTest.iOS", "ShellTest\ShellTest.iOS\ShellTest.iOS.csproj", "{F578EBBB-5FAB-441F-95F7-323257584C21}"
EndProject
Project("{FAE04EC0-301F-11D3-BF4B-00C04F79EFBC}") = "ShellTest", "ShellTest\ShellTest\ShellTest.csproj", "{E95272A7-E383-4BCE-883C-D3A956659106}"
EndProject
Global
	GlobalSection(SolutionConfigurationPlatforms) = preSolution
		Debug|Any CPU = Debug|Any CPU
		Debug|iPhone = Debug|iPhone
		Debug|iPhoneSimulator = Debug|iPhoneSimulator
		Release|Any CPU = Release|Any CPU
		Release|iPhone = Release|iPhone
		Release|iPhoneSimulator = Release|iPhoneSimulator
	EndGlobalSection
	GlobalSection(ProjectConfigurationPlatforms) = postSolution
		{E1ABED60-95FC-45DE-AA94-93D1DD5E09BD}.Debug|Any CPU.ActiveCfg = Debug|Any CPU
		{E1ABED60-95FC-45DE-AA94-93D1DD5E09BD}.Debug|Any CPU.Build.0 = Debug|Any CPU
		{E1ABED60-95FC-45DE-AA94-93D1DD5E09BD}.Debug|Any CPU.Deploy.0 = Debug|Any CPU
		{E1ABED60-95FC-45DE-AA94-93D1DD5E09BD}.Debug|iPhone.ActiveCfg = Debug|Any CPU
		{E1ABED60-95FC-45DE-AA94-93D1DD5E09BD}.Debug|iPhone.Build.0 = Debug|Any CPU
		{E1ABED60-95FC-45DE-AA94-93D1DD5E09BD}.Debug|iPhone.Deploy.0 = Debug|Any CPU
		{E1ABED60-95FC-45DE-AA94-93D1DD5E09BD}.Debug|iPhoneSimulator.ActiveCfg = Debug|Any CPU
		{E1ABED60-95FC-45DE-AA94-93D1DD5E09BD}.Debug|iPhoneSimulator.Build.0 = Debug|Any CPU
		{E1ABED60-95FC-45DE-AA94-93D1DD5E09BD}.Debug|iPhoneSimulator.Deploy.0 = Debug|Any CPU
		{E1ABED60-95FC-45DE-AA94-93D1DD5E09BD}.Release|Any CPU.ActiveCfg = Release|Any CPU
		{E1ABED60-95FC-45DE-AA94-93D1DD5E09BD}.Release|Any CPU.Build.0 = Release|Any CPU
		{E1ABED60-95FC-45DE-AA94-93D1DD5E09BD}.Release|Any CPU.Deploy.0 = Release|Any CPU
		{E1ABED60-95FC-45DE-AA94-93D1DD5E09BD}.Release|iPhone.ActiveCfg = Release|Any CPU
		{E1ABED60-95FC-45DE-AA94-93D1DD5E09BD}.Release|iPhone.Build.0 = Release|Any CPU
		{E1ABED60-95FC-45DE-AA94-93D1DD5E09BD}.Release|iPhone.Deploy.0 = Release|Any CPU
		{E1ABED60-95FC-45DE-AA94-93D1DD5E09BD}.Release|iPhoneSimulator.ActiveCfg = Release|Any CPU
		{E1ABED60-95FC-45DE-AA94-93D1DD5E09BD}.Release|iPhoneSimulator.Build.0 = Release|Any CPU
		{E1ABED60-95FC-45DE-AA94-93D1DD5E09BD}.Release|iPhoneSimulator.Deploy.0 = Release|Any CPU
		{F578EBBB-5FAB-441F-95F7-323257584C21}.Debug|Any CPU.ActiveCfg = Debug|iPhoneSimulator
		{F578EBBB-5FAB-441F-95F7-323257584C21}.Debug|Any CPU.Build.0 = Debug|iPhoneSimulator
		{F578EBBB-5FAB-441F-95F7-323257584C21}.Debug|Any CPU.Deploy.0 = Debug|iPhoneSimulator
		{F578EBBB-5FAB-441F-95F7-323257584C21}.Debug|iPhone.ActiveCfg = Debug|iPhone
		{F578EBBB-5FAB-441F-95F7-323257584C21}.Debug|iPhone.Build.0 = Debug|iPhone
		{F578EBBB-5FAB-441F-95F7-323257584C21}.Debug|iPhone.Deploy.0 = Debug|iPhone
		{F578EBBB-5FAB-441F-95F7-323257584C21}.Debug|iPhoneSimulator.ActiveCfg = Debug|iPhoneSimulator
		{F578EBBB-5FAB-441F-95F7-323257584C21}.Debug|iPhoneSimulator.Build.0 = Debug|iPhoneSimulator
		{F578EBBB-5FAB-441F-95F7-323257584C21}.Debug|iPhoneSimulator.Deploy.0 = Debug|iPhoneSimulator
		{F578EBBB-5FAB-441F-95F7-323257584C21}.Release|Any CPU.ActiveCfg = Release|iPhone
		{F578EBBB-5FAB-441F-95F7-323257584C21}.Release|Any CPU.Build.0 = Release|iPhone
		{F578EBBB-5FAB-441F-95F7-323257584C21}.Release|Any CPU.Deploy.0 = Release|iPhone
		{F578EBBB-5FAB-441F-95F7-323257584C21}.Release|iPhone.ActiveCfg = Release|iPhone
		{F578EBBB-5FAB-441F-95F7-323257584C21}.Release|iPhone.Build.0 = Release|iPhone
		{F578EBBB-5FAB-441F-95F7-323257584C21}.Release|iPhone.Deploy.0 = Release|iPhone
		{F578EBBB-5FAB-441F-95F7-323257584C21}.Release|iPhoneSimulator.ActiveCfg = Release|iPhoneSimulator
		{F578EBBB-5FAB-441F-95F7-323257584C21}.Release|iPhoneSimulator.Build.0 = Release|iPhoneSimulator
		{F578EBBB-5FAB-441F-95F7-323257584C21}.Release|iPhoneSimulator.Deploy.0 = Release|iPhoneSimulator
		{E95272A7-E383-4BCE-883C-D3A956659106}.Debug|Any CPU.ActiveCfg = Debug|Any CPU
		{E95272A7-E383-4BCE-883C-D3A956659106}.Debug|Any CPU.Build.0 = Debug|Any CPU
		{E95272A7-E383-4BCE-883C-D3A956659106}.Debug|Any CPU.Deploy.0 = Debug|Any CPU
		{E95272A7-E383-4BCE-883C-D3A956659106}.Debug|iPhone.ActiveCfg = Debug|Any CPU
		{E95272A7-E383-4BCE-883C-D3A956659106}.Debug|iPhone.Build.0 = Debug|Any CPU
		{E95272A7-E383-4BCE-883C-D3A956659106}.Debug|iPhone.Deploy.0 = Debug|Any CPU
		{E95272A7-E383-4BCE-883C-D3A956659106}.Debug|iPhoneSimulator.ActiveCfg = Debug|Any CPU
		{E95272A7-E383-4BCE-883C-D3A956659106}.Debug|iPhoneSimulator.Build.0 = Debug|Any CPU
		{E95272A7-E383-4BCE-883C-D3A956659106}.Debug|iPhoneSimulator.Deploy.0 = Debug|Any CPU
		{E95272A7-E383-4BCE-883C-D3A956659106}.Release|Any CPU.ActiveCfg = Release|Any CPU
		{E95272A7-E383-4BCE-883C-D3A956659106}.Release|Any CPU.Build.0 = Release|Any CPU
		{E95272A7-E383-4BCE-883C-D3A956659106}.Release|Any CPU.Deploy.0 = Release|Any CPU
		{E95272A7-E383-4BCE-883C-D3A956659106}.Release|iPhone.ActiveCfg = Release|Any CPU
		{E95272A7-E383-4BCE-883C-D3A956659106}.Release|iPhone.Build.0 = Release|Any CPU
		{E95272A7-E383-4BCE-883C-D3A956659106}.Release|iPhone.Deploy.0 = Release|Any CPU
		{E95272A7-E383-4BCE-883C-D3A956659106}.Release|iPhoneSimulator.ActiveCfg = Release|Any CPU
		{E95272A7-E383-4BCE-883C-D3A956659106}.Release|iPhoneSimulator.Build.0 = Release|Any CPU
		{E95272A7-E383-4BCE-883C-D3A956659106}.Release|iPhoneSimulator.Deploy.0 = Release|Any CPU
	EndGlobalSection
	GlobalSection(SolutionProperties) = preSolution
		HideSolutionNode = FALSE
	EndGlobalSection
	GlobalSection(ExtensibilityGlobals) = postSolution
		SolutionGuid = {FA1B4E66-30E3-4368-8C24-7169F216559D}
	EndGlobalSection
EndGlobal
